
Microsoft Visual Studio Solution File, Format Version 12.00
# Visual Studio Version 17
VisualStudioVersion = 17.11.35327.3
MinimumVisualStudioVersion = 10.0.40219.1
Project("{FAE04EC0-301F-11D3-BF4B-00C04F79EFBC}") = "Laba 5", "Laba 5\Laba 5.csproj", "{83F24131-24B0-4349-8105-88822F9125C7}"
EndProject
Global
	GlobalSection(SolutionConfigurationPlatforms) = preSolution
		Debug|Any CPU = Debug|Any CPU
		Release|Any CPU = Release|Any CPU
	EndGlobalSection
	GlobalSection(ProjectConfigurationPlatforms) = postSolution
		{83F24131-24B0-4349-8105-88822F9125C7}.Debug|Any CPU.ActiveCfg = Debug|Any CPU
		{83F24131-24B0-4349-8105-88822F9125C7}.Debug|Any CPU.Build.0 = Debug|Any CPU
		{83F24131-24B0-4349-8105-88822F9125C7}.Release|Any CPU.ActiveCfg = Release|Any CPU
		{83F24131-24B0-4349-8105-88822F9125C7}.Release|Any CPU.Build.0 = Release|Any CPU
	EndGlobalSection
	GlobalSection(SolutionProperties) = preSolution
		HideSolutionNode = FALSE
	EndGlobalSection
	GlobalSection(ExtensibilityGlobals) = postSolution
		SolutionGuid = {61AA8CF1-A06E-4C29-B261-1F5538729B67}
	EndGlobalSection
EndGlobal
