
Microsoft Visual Studio Solution File, Format Version 12.00
# Visual Studio Version 17
VisualStudioVersion = 17.11.35327.3
MinimumVisualStudioVersion = 10.0.40219.1
Project("{FAE04EC0-301F-11D3-BF4B-00C04F79EFBC}") = "MyArrayList", "MyArrayList\MyArrayList.csproj", "{D46C1FC7-49BA-4D57-B0B7-43DDEA0850B8}"
EndProject
Global
	GlobalSection(SolutionConfigurationPlatforms) = preSolution
		Debug|Any CPU = Debug|Any CPU
		Release|Any CPU = Release|Any CPU
	EndGlobalSection
	GlobalSection(ProjectConfigurationPlatforms) = postSolution
		{D46C1FC7-49BA-4D57-B0B7-43DDEA0850B8}.Debug|Any CPU.ActiveCfg = Debug|Any CPU
		{D46C1FC7-49BA-4D57-B0B7-43DDEA0850B8}.Debug|Any CPU.Build.0 = Debug|Any CPU
		{D46C1FC7-49BA-4D57-B0B7-43DDEA0850B8}.Release|Any CPU.ActiveCfg = Release|Any CPU
		{D46C1FC7-49BA-4D57-B0B7-43DDEA0850B8}.Release|Any CPU.Build.0 = Release|Any CPU
	EndGlobalSection
	GlobalSection(SolutionProperties) = preSolution
		HideSolutionNode = FALSE
	EndGlobalSection
	GlobalSection(ExtensibilityGlobals) = postSolution
		SolutionGuid = {1512127D-B6AA-44CC-B951-658776C9D2BF}
	EndGlobalSection
EndGlobal
