
Microsoft Visual Studio Solution File, Format Version 12.00
# Visual Studio Version 17
VisualStudioVersion = 17.9.34622.214
MinimumVisualStudioVersion = 10.0.40219.1
Project("{FAE04EC0-301F-11D3-BF4B-00C04F79EFBC}") = "ArrayListLibrary", "ArrayListLibrary\ArrayListLibrary.csproj", "{0D4D5896-98C6-4E55-8EC8-14DD8A8D044C}"
EndProject
Global
	GlobalSection(SolutionConfigurationPlatforms) = preSolution
		Debug|Any CPU = Debug|Any CPU
		Release|Any CPU = Release|Any CPU
	EndGlobalSection
	GlobalSection(ProjectConfigurationPlatforms) = postSolution
		{0D4D5896-98C6-4E55-8EC8-14DD8A8D044C}.Debug|Any CPU.ActiveCfg = Debug|Any CPU
		{0D4D5896-98C6-4E55-8EC8-14DD8A8D044C}.Debug|Any CPU.Build.0 = Debug|Any CPU
		{0D4D5896-98C6-4E55-8EC8-14DD8A8D044C}.Release|Any CPU.ActiveCfg = Release|Any CPU
		{0D4D5896-98C6-4E55-8EC8-14DD8A8D044C}.Release|Any CPU.Build.0 = Release|Any CPU
	EndGlobalSection
	GlobalSection(SolutionProperties) = preSolution
		HideSolutionNode = FALSE
	EndGlobalSection
	GlobalSection(ExtensibilityGlobals) = postSolution
		SolutionGuid = {75DF94FD-9D1D-4813-90BE-DB16C877E9A8}
	EndGlobalSection
EndGlobal
