
Microsoft Visual Studio Solution File, Format Version 12.00
# Visual Studio Version 17
VisualStudioVersion = 17.11.35327.3
MinimumVisualStudioVersion = 10.0.40219.1
Project("{FAE04EC0-301F-11D3-BF4B-00C04F79EFBC}") = "ConsoleApp2", "ConsoleApp2\ConsoleApp2.csproj", "{29CB873E-0A53-46DD-8D0E-861416738C86}"
EndProject
Global
	GlobalSection(SolutionConfigurationPlatforms) = preSolution
		Debug|Any CPU = Debug|Any CPU
		Release|Any CPU = Release|Any CPU
	EndGlobalSection
	GlobalSection(ProjectConfigurationPlatforms) = postSolution
		{29CB873E-0A53-46DD-8D0E-861416738C86}.Debug|Any CPU.ActiveCfg = Debug|Any CPU
		{29CB873E-0A53-46DD-8D0E-861416738C86}.Debug|Any CPU.Build.0 = Debug|Any CPU
		{29CB873E-0A53-46DD-8D0E-861416738C86}.Release|Any CPU.ActiveCfg = Release|Any CPU
		{29CB873E-0A53-46DD-8D0E-861416738C86}.Release|Any CPU.Build.0 = Release|Any CPU
	EndGlobalSection
	GlobalSection(SolutionProperties) = preSolution
		HideSolutionNode = FALSE
	EndGlobalSection
	GlobalSection(ExtensibilityGlobals) = postSolution
		SolutionGuid = {E676D6D6-71EE-4CE0-BF5A-434F8E427AB7}
	EndGlobalSection
EndGlobal
